
Microsoft Visual Studio Solution File, Format Version 12.00
# Visual Studio Version 17
VisualStudioVersion = 17.0.32014.148
MinimumVisualStudioVersion = 10.0.40219.1
Project("{FAE04EC0-301F-11D3-BF4B-00C04F79EFBC}") = "LINQtoCSV", "LINQtoCSV\LINQtoCSV.csproj", "{9E2D06AA-FBC4-43F0-A7BE-D14795321FE0}"
EndProject
Project("{FAE04EC0-301F-11D3-BF4B-00C04F79EFBC}") = "SampleCode", "SampleCode\SampleCode.csproj", "{1B9C28E5-8EC6-4A77-9E9C-3F7FE43B6CCF}"
EndProject
Project("{FAE04EC0-301F-11D3-BF4B-00C04F79EFBC}") = "LINQtoCSV.Tests", "LINQtoCSV.Tests\LINQtoCSV.Tests.csproj", "{EA0CC1DD-9E64-4EDF-9F81-F7EC540F7B24}"
EndProject
Project("{FAE04EC0-301F-11D3-BF4B-00C04F79EFBC}") = "TestConsoleApplication", "TestConsoleApplication\TestConsoleApplication.csproj", "{5E66A039-3571-4044-ACE2-C64B37F63A70}"
EndProject
Global
	GlobalSection(SolutionConfigurationPlatforms) = preSolution
		Debug|Any CPU = Debug|Any CPU
		Release|Any CPU = Release|Any CPU
	EndGlobalSection
	GlobalSection(ProjectConfigurationPlatforms) = postSolution
		{9E2D06AA-FBC4-43F0-A7BE-D14795321FE0}.Debug|Any CPU.ActiveCfg = Debug|Any CPU
		{9E2D06AA-FBC4-43F0-A7BE-D14795321FE0}.Debug|Any CPU.Build.0 = Debug|Any CPU
		{9E2D06AA-FBC4-43F0-A7BE-D14795321FE0}.Release|Any CPU.ActiveCfg = Release|Any CPU
		{9E2D06AA-FBC4-43F0-A7BE-D14795321FE0}.Release|Any CPU.Build.0 = Release|Any CPU
		{1B9C28E5-8EC6-4A77-9E9C-3F7FE43B6CCF}.Debug|Any CPU.ActiveCfg = Debug|Any CPU
		{1B9C28E5-8EC6-4A77-9E9C-3F7FE43B6CCF}.Debug|Any CPU.Build.0 = Debug|Any CPU
		{1B9C28E5-8EC6-4A77-9E9C-3F7FE43B6CCF}.Release|Any CPU.ActiveCfg = Release|Any CPU
		{1B9C28E5-8EC6-4A77-9E9C-3F7FE43B6CCF}.Release|Any CPU.Build.0 = Release|Any CPU
		{EA0CC1DD-9E64-4EDF-9F81-F7EC540F7B24}.Debug|Any CPU.ActiveCfg = Debug|Any CPU
		{EA0CC1DD-9E64-4EDF-9F81-F7EC540F7B24}.Debug|Any CPU.Build.0 = Debug|Any CPU
		{EA0CC1DD-9E64-4EDF-9F81-F7EC540F7B24}.Release|Any CPU.ActiveCfg = Release|Any CPU
		{EA0CC1DD-9E64-4EDF-9F81-F7EC540F7B24}.Release|Any CPU.Build.0 = Release|Any CPU
		{5E66A039-3571-4044-ACE2-C64B37F63A70}.Debug|Any CPU.ActiveCfg = Debug|Any CPU
		{5E66A039-3571-4044-ACE2-C64B37F63A70}.Debug|Any CPU.Build.0 = Debug|Any CPU
		{5E66A039-3571-4044-ACE2-C64B37F63A70}.Release|Any CPU.ActiveCfg = Release|Any CPU
		{5E66A039-3571-4044-ACE2-C64B37F63A70}.Release|Any CPU.Build.0 = Release|Any CPU
	EndGlobalSection
	GlobalSection(SolutionProperties) = preSolution
		HideSolutionNode = FALSE
	EndGlobalSection
	GlobalSection(ExtensibilityGlobals) = postSolution
		SolutionGuid = {CAA57755-00D7-4AB1-85BD-F6AF9526D3CD}
	EndGlobalSection
EndGlobal
